// !$*UTF8*$!
{
	archiveVersion = 1;
	classes = {
	};
	objectVersion = 50;
	objects = {

/* Begin PBXBuildFile section */
		695B1E9C266B77B400501BF9 /* Weather_ReportApp.swift in Sources */ = {isa = PBXBuildFile; fileRef = 695B1E9B266B77B400501BF9 /* Weather_ReportApp.swift */; };
		695B1E9E266B77B400501BF9 /* ContentView.swift in Sources */ = {isa = PBXBuildFile; fileRef = 695B1E9D266B77B400501BF9 /* ContentView.swift */; };
		695B1EA0266B77B500501BF9 /* Assets.xcassets in Resources */ = {isa = PBXBuildFile; fileRef = 695B1E9F266B77B500501BF9 /* Assets.xcassets */; };
		695B1EA3266B77B500501BF9 /* Preview Assets.xcassets in Resources */ = {isa = PBXBuildFile; fileRef = 695B1EA2266B77B500501BF9 /* Preview Assets.xcassets */; };
		695B1EAE266B77B600501BF9 /* Weather_ReportTests.swift in Sources */ = {isa = PBXBuildFile; fileRef = 695B1EAD266B77B600501BF9 /* Weather_ReportTests.swift */; };
		695B1EB9266B77B600501BF9 /* Weather_ReportUITests.swift in Sources */ = {isa = PBXBuildFile; fileRef = 695B1EB8266B77B600501BF9 /* Weather_ReportUITests.swift */; };
		699E651C266DF31C006FCB14 /* WeatherButton.swift in Sources */ = {isa = PBXBuildFile; fileRef = 699E651B266DF31C006FCB14 /* WeatherButton.swift */; };
		699E651E266DF4C8006FCB14 /* MainWeatherStatusView.swift in Sources */ = {isa = PBXBuildFile; fileRef = 699E651D266DF4C8006FCB14 /* MainWeatherStatusView.swift */; };
		699E6520266DF538006FCB14 /* BackgroundView.swift in Sources */ = {isa = PBXBuildFile; fileRef = 699E651F266DF538006FCB14 /* BackgroundView.swift */; };
		699E6522266DF5D2006FCB14 /* CityTextView.swift in Sources */ = {isa = PBXBuildFile; fileRef = 699E6521266DF5D2006FCB14 /* CityTextView.swift */; };
		699E6524266DF7AE006FCB14 /* WeatherDayView.swift in Sources */ = {isa = PBXBuildFile; fileRef = 699E6523266DF7AE006FCB14 /* WeatherDayView.swift */; };
		B6768D14266D27B500D70263 /* ChangeDayView.swift in Sources */ = {isa = PBXBuildFile; fileRef = B6768D13266D27B500D70263 /* ChangeDayView.swift */; };
/* End PBXBuildFile section */

/* Begin PBXContainerItemProxy section */
		695B1EAA266B77B600501BF9 /* PBXContainerItemProxy */ = {
			isa = PBXContainerItemProxy;
			containerPortal = 695B1E90266B77B400501BF9 /* Project object */;
			proxyType = 1;
			remoteGlobalIDString = 695B1E97266B77B400501BF9;
			remoteInfo = "Weather Report";
		};
		695B1EB5266B77B600501BF9 /* PBXContainerItemProxy */ = {
			isa = PBXContainerItemProxy;
			containerPortal = 695B1E90266B77B400501BF9 /* Project object */;
			proxyType = 1;
			remoteGlobalIDString = 695B1E97266B77B400501BF9;
			remoteInfo = "Weather Report";
		};
/* End PBXContainerItemProxy section */

/* Begin PBXFileReference section */
		695B1E98266B77B400501BF9 /* Weather Report.app */ = {isa = PBXFileReference; explicitFileType = wrapper.application; includeInIndex = 0; path = "Weather Report.app"; sourceTree = BUILT_PRODUCTS_DIR; };
		695B1E9B266B77B400501BF9 /* Weather_ReportApp.swift */ = {isa = PBXFileReference; lastKnownFileType = sourcecode.swift; path = Weather_ReportApp.swift; sourceTree = "<group>"; };
		695B1E9D266B77B400501BF9 /* ContentView.swift */ = {isa = PBXFileReference; lastKnownFileType = sourcecode.swift; path = ContentView.swift; sourceTree = "<group>"; };
		695B1E9F266B77B500501BF9 /* Assets.xcassets */ = {isa = PBXFileReference; lastKnownFileType = folder.assetcatalog; path = Assets.xcassets; sourceTree = "<group>"; };
		695B1EA2266B77B500501BF9 /* Preview Assets.xcassets */ = {isa = PBXFileReference; lastKnownFileType = folder.assetcatalog; path = "Preview Assets.xcassets"; sourceTree = "<group>"; };
		695B1EA4266B77B500501BF9 /* Info.plist */ = {isa = PBXFileReference; lastKnownFileType = text.plist.xml; path = Info.plist; sourceTree = "<group>"; };
		695B1EA9266B77B600501BF9 /* Weather ReportTests.xctest */ = {isa = PBXFileReference; explicitFileType = wrapper.cfbundle; includeInIndex = 0; path = "Weather ReportTests.xctest"; sourceTree = BUILT_PRODUCTS_DIR; };
		695B1EAD266B77B600501BF9 /* Weather_ReportTests.swift */ = {isa = PBXFileReference; lastKnownFileType = sourcecode.swift; path = Weather_ReportTests.swift; sourceTree = "<group>"; };
		695B1EAF266B77B600501BF9 /* Info.plist */ = {isa = PBXFileReference; lastKnownFileType = text.plist.xml; path = Info.plist; sourceTree = "<group>"; };
		695B1EB4266B77B600501BF9 /* Weather ReportUITests.xctest */ = {isa = PBXFileReference; explicitFileType = wrapper.cfbundle; includeInIndex = 0; path = "Weather ReportUITests.xctest"; sourceTree = BUILT_PRODUCTS_DIR; };
		695B1EB8266B77B600501BF9 /* Weather_ReportUITests.swift */ = {isa = PBXFileReference; lastKnownFileType = sourcecode.swift; path = Weather_ReportUITests.swift; sourceTree = "<group>"; };
		695B1EBA266B77B600501BF9 /* Info.plist */ = {isa = PBXFileReference; lastKnownFileType = text.plist.xml; path = Info.plist; sourceTree = "<group>"; };
		699E651B266DF31C006FCB14 /* WeatherButton.swift */ = {isa = PBXFileReference; lastKnownFileType = sourcecode.swift; path = WeatherButton.swift; sourceTree = "<group>"; };
		699E651D266DF4C8006FCB14 /* MainWeatherStatusView.swift */ = {isa = PBXFileReference; lastKnownFileType = sourcecode.swift; path = MainWeatherStatusView.swift; sourceTree = "<group>"; };
		699E651F266DF538006FCB14 /* BackgroundView.swift */ = {isa = PBXFileReference; lastKnownFileType = sourcecode.swift; path = BackgroundView.swift; sourceTree = "<group>"; };
		699E6521266DF5D2006FCB14 /* CityTextView.swift */ = {isa = PBXFileReference; lastKnownFileType = sourcecode.swift; path = CityTextView.swift; sourceTree = "<group>"; };
		699E6523266DF7AE006FCB14 /* WeatherDayView.swift */ = {isa = PBXFileReference; lastKnownFileType = sourcecode.swift; path = WeatherDayView.swift; sourceTree = "<group>"; };
		B6768D13266D27B500D70263 /* ChangeDayView.swift */ = {isa = PBXFileReference; lastKnownFileType = sourcecode.swift; path = ChangeDayView.swift; sourceTree = "<group>"; };
/* End PBXFileReference section */

/* Begin PBXFrameworksBuildPhase section */
		695B1E95266B77B400501BF9 /* Frameworks */ = {
			isa = PBXFrameworksBuildPhase;
			buildActionMask = 2147483647;
			files = (
			);
			runOnlyForDeploymentPostprocessing = 0;
		};
		695B1EA6266B77B600501BF9 /* Frameworks */ = {
			isa = PBXFrameworksBuildPhase;
			buildActionMask = 2147483647;
			files = (
			);
			runOnlyForDeploymentPostprocessing = 0;
		};
		695B1EB1266B77B600501BF9 /* Frameworks */ = {
			isa = PBXFrameworksBuildPhase;
			buildActionMask = 2147483647;
			files = (
			);
			runOnlyForDeploymentPostprocessing = 0;
		};
/* End PBXFrameworksBuildPhase section */

/* Begin PBXGroup section */
		695B1E8F266B77B400501BF9 = {
			isa = PBXGroup;
			children = (
				695B1E9A266B77B400501BF9 /* Weather Report */,
				695B1EAC266B77B600501BF9 /* Weather ReportTests */,
				695B1EB7266B77B600501BF9 /* Weather ReportUITests */,
				695B1E99266B77B400501BF9 /* Products */,
			);
			sourceTree = "<group>";
		};
		695B1E99266B77B400501BF9 /* Products */ = {
			isa = PBXGroup;
			children = (
				695B1E98266B77B400501BF9 /* Weather Report.app */,
				695B1EA9266B77B600501BF9 /* Weather ReportTests.xctest */,
				695B1EB4266B77B600501BF9 /* Weather ReportUITests.xctest */,
			);
			name = Products;
			sourceTree = "<group>";
		};
		695B1E9A266B77B400501BF9 /* Weather Report */ = {
			isa = PBXGroup;
			children = (
				699E6521266DF5D2006FCB14 /* CityTextView.swift */,
				699E6523266DF7AE006FCB14 /* WeatherDayView.swift */,
				695B1E9B266B77B400501BF9 /* Weather_ReportApp.swift */,
				695B1E9D266B77B400501BF9 /* ContentView.swift */,
				699E651F266DF538006FCB14 /* BackgroundView.swift */,
				699E651D266DF4C8006FCB14 /* MainWeatherStatusView.swift */,
				699E651B266DF31C006FCB14 /* WeatherButton.swift */,
				695B1E9F266B77B500501BF9 /* Assets.xcassets */,
				695B1EA4266B77B500501BF9 /* Info.plist */,
				695B1EA1266B77B500501BF9 /* Preview Content */,
				B6768D13266D27B500D70263 /* ChangeDayView.swift */,
			);
			path = "Weather Report";
			sourceTree = "<group>";
		};
		695B1EA1266B77B500501BF9 /* Preview Content */ = {
			isa = PBXGroup;
			children = (
				695B1EA2266B77B500501BF9 /* Preview Assets.xcassets */,
			);
			path = "Preview Content";
			sourceTree = "<group>";
		};
		695B1EAC266B77B600501BF9 /* Weather ReportTests */ = {
			isa = PBXGroup;
			children = (
				695B1EAD266B77B600501BF9 /* Weather_ReportTests.swift */,
				695B1EAF266B77B600501BF9 /* Info.plist */,
			);
			path = "Weather ReportTests";
			sourceTree = "<group>";
		};
		695B1EB7266B77B600501BF9 /* Weather ReportUITests */ = {
			isa = PBXGroup;
			children = (
				695B1EB8266B77B600501BF9 /* Weather_ReportUITests.swift */,
				695B1EBA266B77B600501BF9 /* Info.plist */,
			);
			path = "Weather ReportUITests";
			sourceTree = "<group>";
		};
/* End PBXGroup section */

/* Begin PBXNativeTarget section */
		695B1E97266B77B400501BF9 /* Weather Report */ = {
			isa = PBXNativeTarget;
			buildConfigurationList = 695B1EBD266B77B600501BF9 /* Build configuration list for PBXNativeTarget "Weather Report" */;
			buildPhases = (
				695B1E94266B77B400501BF9 /* Sources */,
				695B1E95266B77B400501BF9 /* Frameworks */,
				695B1E96266B77B400501BF9 /* Resources */,
			);
			buildRules = (
			);
			dependencies = (
			);
			name = "Weather Report";
			productName = "Weather Report";
			productReference = 695B1E98266B77B400501BF9 /* Weather Report.app */;
			productType = "com.apple.product-type.application";
		};
		695B1EA8266B77B600501BF9 /* Weather ReportTests */ = {
			isa = PBXNativeTarget;
			buildConfigurationList = 695B1EC0266B77B600501BF9 /* Build configuration list for PBXNativeTarget "Weather ReportTests" */;
			buildPhases = (
				695B1EA5266B77B600501BF9 /* Sources */,
				695B1EA6266B77B600501BF9 /* Frameworks */,
				695B1EA7266B77B600501BF9 /* Resources */,
			);
			buildRules = (
			);
			dependencies = (
				695B1EAB266B77B600501BF9 /* PBXTargetDependency */,
			);
			name = "Weather ReportTests";
			productName = "Weather ReportTests";
			productReference = 695B1EA9266B77B600501BF9 /* Weather ReportTests.xctest */;
			productType = "com.apple.product-type.bundle.unit-test";
		};
		695B1EB3266B77B600501BF9 /* Weather ReportUITests */ = {
			isa = PBXNativeTarget;
			buildConfigurationList = 695B1EC3266B77B600501BF9 /* Build configuration list for PBXNativeTarget "Weather ReportUITests" */;
			buildPhases = (
				695B1EB0266B77B600501BF9 /* Sources */,
				695B1EB1266B77B600501BF9 /* Frameworks */,
				695B1EB2266B77B600501BF9 /* Resources */,
			);
			buildRules = (
			);
			dependencies = (
				695B1EB6266B77B600501BF9 /* PBXTargetDependency */,
			);
			name = "Weather ReportUITests";
			productName = "Weather ReportUITests";
			productReference = 695B1EB4266B77B600501BF9 /* Weather ReportUITests.xctest */;
			productType = "com.apple.product-type.bundle.ui-testing";
		};
/* End PBXNativeTarget section */

/* Begin PBXProject section */
		695B1E90266B77B400501BF9 /* Project object */ = {
			isa = PBXProject;
			attributes = {
				LastSwiftUpdateCheck = 1250;
				LastUpgradeCheck = 1250;
				TargetAttributes = {
					695B1E97266B77B400501BF9 = {
						CreatedOnToolsVersion = 12.5;
					};
					695B1EA8266B77B600501BF9 = {
						CreatedOnToolsVersion = 12.5;
						TestTargetID = 695B1E97266B77B400501BF9;
					};
					695B1EB3266B77B600501BF9 = {
						CreatedOnToolsVersion = 12.5;
						TestTargetID = 695B1E97266B77B400501BF9;
					};
				};
			};
			buildConfigurationList = 695B1E93266B77B400501BF9 /* Build configuration list for PBXProject "Signing" */;
			compatibilityVersion = "Xcode 9.3";
			developmentRegion = en;
			hasScannedForEncodings = 0;
			knownRegions = (
				en,
				Base,
			);
			mainGroup = 695B1E8F266B77B400501BF9;
			productRefGroup = 695B1E99266B77B400501BF9 /* Products */;
			projectDirPath = "";
			projectRoot = "";
			targets = (
				695B1E97266B77B400501BF9 /* Weather Report */,
				695B1EA8266B77B600501BF9 /* Weather ReportTests */,
				695B1EB3266B77B600501BF9 /* Weather ReportUITests */,
			);
		};
/* End PBXProject section */

/* Begin PBXResourcesBuildPhase section */
		695B1E96266B77B400501BF9 /* Resources */ = {
			isa = PBXResourcesBuildPhase;
			buildActionMask = 2147483647;
			files = (
				695B1EA3266B77B500501BF9 /* Preview Assets.xcassets in Resources */,
				695B1EA0266B77B500501BF9 /* Assets.xcassets in Resources */,
			);
			runOnlyForDeploymentPostprocessing = 0;
		};
		695B1EA7266B77B600501BF9 /* Resources */ = {
			isa = PBXResourcesBuildPhase;
			buildActionMask = 2147483647;
			files = (
			);
			runOnlyForDeploymentPostprocessing = 0;
		};
		695B1EB2266B77B600501BF9 /* Resources */ = {
			isa = PBXResourcesBuildPhase;
			buildActionMask = 2147483647;
			files = (
			);
			runOnlyForDeploymentPostprocessing = 0;
		};
/* End PBXResourcesBuildPhase section */

/* Begin PBXSourcesBuildPhase section */
		695B1E94266B77B400501BF9 /* Sources */ = {
			isa = PBXSourcesBuildPhase;
			buildActionMask = 2147483647;
			files = (
				699E6524266DF7AE006FCB14 /* WeatherDayView.swift in Sources */,
				699E6520266DF538006FCB14 /* BackgroundView.swift in Sources */,
				699E651E266DF4C8006FCB14 /* MainWeatherStatusView.swift in Sources */,
				695B1E9E266B77B400501BF9 /* ContentView.swift in Sources */,
				B6768D14266D27B500D70263 /* ChangeDayView.swift in Sources */,
				699E6522266DF5D2006FCB14 /* CityTextView.swift in Sources */,
				699E651C266DF31C006FCB14 /* WeatherButton.swift in Sources */,
				695B1E9C266B77B400501BF9 /* Weather_ReportApp.swift in Sources */,
			);
			runOnlyForDeploymentPostprocessing = 0;
		};
		695B1EA5266B77B600501BF9 /* Sources */ = {
			isa = PBXSourcesBuildPhase;
			buildActionMask = 2147483647;
			files = (
				695B1EAE266B77B600501BF9 /* Weather_ReportTests.swift in Sources */,
			);
			runOnlyForDeploymentPostprocessing = 0;
		};
		695B1EB0266B77B600501BF9 /* Sources */ = {
			isa = PBXSourcesBuildPhase;
			buildActionMask = 2147483647;
			files = (
				695B1EB9266B77B600501BF9 /* Weather_ReportUITests.swift in Sources */,
			);
			runOnlyForDeploymentPostprocessing = 0;
		};
/* End PBXSourcesBuildPhase section */

/* Begin PBXTargetDependency section */
		695B1EAB266B77B600501BF9 /* PBXTargetDependency */ = {
			isa = PBXTargetDependency;
			target = 695B1E97266B77B400501BF9 /* Weather Report */;
			targetProxy = 695B1EAA266B77B600501BF9 /* PBXContainerItemProxy */;
		};
		695B1EB6266B77B600501BF9 /* PBXTargetDependency */ = {
			isa = PBXTargetDependency;
			target = 695B1E97266B77B400501BF9 /* Weather Report */;
			targetProxy = 695B1EB5266B77B600501BF9 /* PBXContainerItemProxy */;
		};
/* End PBXTargetDependency section */

/* Begin XCBuildConfiguration section */
		695B1EBB266B77B600501BF9 /* Debug */ = {
			isa = XCBuildConfiguration;
			buildSettings = {
				ALWAYS_SEARCH_USER_PATHS = NO;
				CLANG_ANALYZER_NONNULL = YES;
				CLANG_ANALYZER_NUMBER_OBJECT_CONVERSION = YES_AGGRESSIVE;
				CLANG_CXX_LANGUAGE_STANDARD = "gnu++14";
				CLANG_CXX_LIBRARY = "libc++";
				CLANG_ENABLE_MODULES = YES;
				CLANG_ENABLE_OBJC_ARC = YES;
				CLANG_ENABLE_OBJC_WEAK = YES;
				CLANG_WARN_BLOCK_CAPTURE_AUTORELEASING = YES;
				CLANG_WARN_BOOL_CONVERSION = YES;
				CLANG_WARN_COMMA = YES;
				CLANG_WARN_CONSTANT_CONVERSION = YES;
				CLANG_WARN_DEPRECATED_OBJC_IMPLEMENTATIONS = YES;
				CLANG_WARN_DIRECT_OBJC_ISA_USAGE = YES_ERROR;
				CLANG_WARN_DOCUMENTATION_COMMENTS = YES;
				CLANG_WARN_EMPTY_BODY = YES;
				CLANG_WARN_ENUM_CONVERSION = YES;
				CLANG_WARN_INFINITE_RECURSION = YES;
				CLANG_WARN_INT_CONVERSION = YES;
				CLANG_WARN_NON_LITERAL_NULL_CONVERSION = YES;
				CLANG_WARN_OBJC_IMPLICIT_RETAIN_SELF = YES;
				CLANG_WARN_OBJC_LITERAL_CONVERSION = YES;
				CLANG_WARN_OBJC_ROOT_CLASS = YES_ERROR;
				CLANG_WARN_QUOTED_INCLUDE_IN_FRAMEWORK_HEADER = YES;
				CLANG_WARN_RANGE_LOOP_ANALYSIS = YES;
				CLANG_WARN_STRICT_PROTOTYPES = YES;
				CLANG_WARN_SUSPICIOUS_MOVE = YES;
				CLANG_WARN_UNGUARDED_AVAILABILITY = YES_AGGRESSIVE;
				CLANG_WARN_UNREACHABLE_CODE = YES;
				CLANG_WARN__DUPLICATE_METHOD_MATCH = YES;
				COPY_PHASE_STRIP = NO;
				DEBUG_INFORMATION_FORMAT = dwarf;
				ENABLE_STRICT_OBJC_MSGSEND = YES;
				ENABLE_TESTABILITY = YES;
				GCC_C_LANGUAGE_STANDARD = gnu11;
				GCC_DYNAMIC_NO_PIC = NO;
				GCC_NO_COMMON_BLOCKS = YES;
				GCC_OPTIMIZATION_LEVEL = 0;
				GCC_PREPROCESSOR_DEFINITIONS = (
					"DEBUG=1",
					"$(inherited)",
				);
				GCC_WARN_64_TO_32_BIT_CONVERSION = YES;
				GCC_WARN_ABOUT_RETURN_TYPE = YES_ERROR;
				GCC_WARN_UNDECLARED_SELECTOR = YES;
				GCC_WARN_UNINITIALIZED_AUTOS = YES_AGGRESSIVE;
				GCC_WARN_UNUSED_FUNCTION = YES;
				GCC_WARN_UNUSED_VARIABLE = YES;
				IPHONEOS_DEPLOYMENT_TARGET = 14.5;
				MTL_ENABLE_DEBUG_INFO = INCLUDE_SOURCE;
				MTL_FAST_MATH = YES;
				ONLY_ACTIVE_ARCH = YES;
				SDKROOT = iphoneos;
				SWIFT_ACTIVE_COMPILATION_CONDITIONS = DEBUG;
				SWIFT_OPTIMIZATION_LEVEL = "-Onone";
			};
			name = Debug;
		};
		695B1EBC266B77B600501BF9 /* Release */ = {
			isa = XCBuildConfiguration;
			buildSettings = {
				ALWAYS_SEARCH_USER_PATHS = NO;
				CLANG_ANALYZER_NONNULL = YES;
				CLANG_ANALYZER_NUMBER_OBJECT_CONVERSION = YES_AGGRESSIVE;
				CLANG_CXX_LANGUAGE_STANDARD = "gnu++14";
				CLANG_CXX_LIBRARY = "libc++";
				CLANG_ENABLE_MODULES = YES;
				CLANG_ENABLE_OBJC_ARC = YES;
				CLANG_ENABLE_OBJC_WEAK = YES;
				CLANG_WARN_BLOCK_CAPTURE_AUTORELEASING = YES;
				CLANG_WARN_BOOL_CONVERSION = YES;
				CLANG_WARN_COMMA = YES;
				CLANG_WARN_CONSTANT_CONVERSION = YES;
				CLANG_WARN_DEPRECATED_OBJC_IMPLEMENTATIONS = YES;
				CLANG_WARN_DIRECT_OBJC_ISA_USAGE = YES_ERROR;
				CLANG_WARN_DOCUMENTATION_COMMENTS = YES;
				CLANG_WARN_EMPTY_BODY = YES;
				CLANG_WARN_ENUM_CONVERSION = YES;
				CLANG_WARN_INFINITE_RECURSION = YES;
				CLANG_WARN_INT_CONVERSION = YES;
				CLANG_WARN_NON_LITERAL_NULL_CONVERSION = YES;
				CLANG_WARN_OBJC_IMPLICIT_RETAIN_SELF = YES;
				CLANG_WARN_OBJC_LITERAL_CONVERSION = YES;
				CLANG_WARN_OBJC_ROOT_CLASS = YES_ERROR;
				CLANG_WARN_QUOTED_INCLUDE_IN_FRAMEWORK_HEADER = YES;
				CLANG_WARN_RANGE_LOOP_ANALYSIS = YES;
				CLANG_WARN_STRICT_PROTOTYPES = YES;
				CLANG_WARN_SUSPICIOUS_MOVE = YES;
				CLANG_WARN_UNGUARDED_AVAILABILITY = YES_AGGRESSIVE;
				CLANG_WARN_UNREACHABLE_CODE = YES;
				CLANG_WARN__DUPLICATE_METHOD_MATCH = YES;
				COPY_PHASE_STRIP = NO;
				DEBUG_INFORMATION_FORMAT = "dwarf-with-dsym";
				ENABLE_NS_ASSERTIONS = NO;
				ENABLE_STRICT_OBJC_MSGSEND = YES;
				GCC_C_LANGUAGE_STANDARD = gnu11;
				GCC_NO_COMMON_BLOCKS = YES;
				GCC_WARN_64_TO_32_BIT_CONVERSION = YES;
				GCC_WARN_ABOUT_RETURN_TYPE = YES_ERROR;
				GCC_WARN_UNDECLARED_SELECTOR = YES;
				GCC_WARN_UNINITIALIZED_AUTOS = YES_AGGRESSIVE;
				GCC_WARN_UNUSED_FUNCTION = YES;
				GCC_WARN_UNUSED_VARIABLE = YES;
				IPHONEOS_DEPLOYMENT_TARGET = 14.5;
				MTL_ENABLE_DEBUG_INFO = NO;
				MTL_FAST_MATH = YES;
				SDKROOT = iphoneos;
				SWIFT_COMPILATION_MODE = wholemodule;
				SWIFT_OPTIMIZATION_LEVEL = "-O";
				VALIDATE_PRODUCT = YES;
			};
			name = Release;
		};
		695B1EBE266B77B600501BF9 /* Debug */ = {
			isa = XCBuildConfiguration;
			buildSettings = {
				ASSETCATALOG_COMPILER_APPICON_NAME = AppIcon;
				ASSETCATALOG_COMPILER_GLOBAL_ACCENT_COLOR_NAME = AccentColor;
				CODE_SIGN_STYLE = Automatic;
				DEVELOPMENT_ASSET_PATHS = "\"Weather Report/Preview Content\"";
				DEVELOPMENT_TEAM = DZ6RQG3UT9;
				ENABLE_PREVIEWS = YES;
				INFOPLIST_FILE = "Weather Report/Info.plist";
				IPHONEOS_DEPLOYMENT_TARGET = 14.0;
				LD_RUNPATH_SEARCH_PATHS = (
					"$(inherited)",
					"@executable_path/Frameworks",
				);
				PRODUCT_BUNDLE_IDENTIFIER = "kiraniosapps.Weather-Report";
				PRODUCT_NAME = "$(TARGET_NAME)";
				SWIFT_VERSION = 5.0;
				TARGETED_DEVICE_FAMILY = "1,2";
			};
			name = Debug;
		};
		695B1EBF266B77B600501BF9 /* Release */ = {
			isa = XCBuildConfiguration;
			buildSettings = {
				ASSETCATALOG_COMPILER_APPICON_NAME = AppIcon;
				ASSETCATALOG_COMPILER_GLOBAL_ACCENT_COLOR_NAME = AccentColor;
				CODE_SIGN_STYLE = Automatic;
				DEVELOPMENT_ASSET_PATHS = "\"Weather Report/Preview Content\"";
				DEVELOPMENT_TEAM = DZ6RQG3UT9;
				ENABLE_PREVIEWS = YES;
				INFOPLIST_FILE = "Weather Report/Info.plist";
				IPHONEOS_DEPLOYMENT_TARGET = 14.0;
				LD_RUNPATH_SEARCH_PATHS = (
					"$(inherited)",
					"@executable_path/Frameworks",
				);
				PRODUCT_BUNDLE_IDENTIFIER = "kiraniosapps.Weather-Report";
				PRODUCT_NAME = "$(TARGET_NAME)";
				SWIFT_VERSION = 5.0;
				TARGETED_DEVICE_FAMILY = "1,2";
			};
			name = Release;
		};
		695B1EC1266B77B600501BF9 /* Debug */ = {
			isa = XCBuildConfiguration;
			buildSettings = {
				ALWAYS_EMBED_SWIFT_STANDARD_LIBRARIES = YES;
				BUNDLE_LOADER = "$(TEST_HOST)";
				CODE_SIGN_STYLE = Automatic;
				INFOPLIST_FILE = "Weather ReportTests/Info.plist";
				IPHONEOS_DEPLOYMENT_TARGET = 14.0;
				LD_RUNPATH_SEARCH_PATHS = (
					"$(inherited)",
					"@executable_path/Frameworks",
					"@loader_path/Frameworks",
				);
				PRODUCT_BUNDLE_IDENTIFIER = "kiraniosapps.Weather-ReportTests";
				PRODUCT_NAME = "$(TARGET_NAME)";
				SWIFT_VERSION = 5.0;
				TARGETED_DEVICE_FAMILY = "1,2";
				TEST_HOST = "$(BUILT_PRODUCTS_DIR)/Weather Report.app/Weather Report";
			};
			name = Debug;
		};
		695B1EC2266B77B600501BF9 /* Release */ = {
			isa = XCBuildConfiguration;
			buildSettings = {
				ALWAYS_EMBED_SWIFT_STANDARD_LIBRARIES = YES;
				BUNDLE_LOADER = "$(TEST_HOST)";
				CODE_SIGN_STYLE = Automatic;
				INFOPLIST_FILE = "Weather ReportTests/Info.plist";
				IPHONEOS_DEPLOYMENT_TARGET = 14.0;
				LD_RUNPATH_SEARCH_PATHS = (
					"$(inherited)",
					"@executable_path/Frameworks",
					"@loader_path/Frameworks",
				);
				PRODUCT_BUNDLE_IDENTIFIER = "kiraniosapps.Weather-ReportTests";
				PRODUCT_NAME = "$(TARGET_NAME)";
				SWIFT_VERSION = 5.0;
				TARGETED_DEVICE_FAMILY = "1,2";
				TEST_HOST = "$(BUILT_PRODUCTS_DIR)/Weather Report.app/Weather Report";
			};
			name = Release;
		};
		695B1EC4266B77B600501BF9 /* Debug */ = {
			isa = XCBuildConfiguration;
			buildSettings = {
				ALWAYS_EMBED_SWIFT_STANDARD_LIBRARIES = YES;
				CODE_SIGN_STYLE = Automatic;
				INFOPLIST_FILE = "Weather ReportUITests/Info.plist";
				LD_RUNPATH_SEARCH_PATHS = (
					"$(inherited)",
					"@executable_path/Frameworks",
					"@loader_path/Frameworks",
				);
				PRODUCT_BUNDLE_IDENTIFIER = "kiraniosapps.Weather-ReportUITests";
				PRODUCT_NAME = "$(TARGET_NAME)";
				SWIFT_VERSION = 5.0;
				TARGETED_DEVICE_FAMILY = "1,2";
				TEST_TARGET_NAME = "Weather Report";
			};
			name = Debug;
		};
		695B1EC5266B77B600501BF9 /* Release */ = {
			isa = XCBuildConfiguration;
			buildSettings = {
				ALWAYS_EMBED_SWIFT_STANDARD_LIBRARIES = YES;
				CODE_SIGN_STYLE = Automatic;
				INFOPLIST_FILE = "Weather ReportUITests/Info.plist";
				LD_RUNPATH_SEARCH_PATHS = (
					"$(inherited)",
					"@executable_path/Frameworks",
					"@loader_path/Frameworks",
				);
				PRODUCT_BUNDLE_IDENTIFIER = "kiraniosapps.Weather-ReportUITests";
				PRODUCT_NAME = "$(TARGET_NAME)";
				SWIFT_VERSION = 5.0;
				TARGETED_DEVICE_FAMILY = "1,2";
				TEST_TARGET_NAME = "Weather Report";
			};
			name = Release;
		};
/* End XCBuildConfiguration section */

/* Begin XCConfigurationList section */
		695B1E93266B77B400501BF9 /* Build configuration list for PBXProject "Signing" */ = {
			isa = XCConfigurationList;
			buildConfigurations = (
				695B1EBB266B77B600501BF9 /* Debug */,
				695B1EBC266B77B600501BF9 /* Release */,
			);
			defaultConfigurationIsVisible = 0;
			defaultConfigurationName = Release;
		};
		695B1EBD266B77B600501BF9 /* Build configuration list for PBXNativeTarget "Weather Report" */ = {
			isa = XCConfigurationList;
			buildConfigurations = (
				695B1EBE266B77B600501BF9 /* Debug */,
				695B1EBF266B77B600501BF9 /* Release */,
			);
			defaultConfigurationIsVisible = 0;
			defaultConfigurationName = Release;
		};
		695B1EC0266B77B600501BF9 /* Build configuration list for PBXNativeTarget "Weather ReportTests" */ = {
			isa = XCConfigurationList;
			buildConfigurations = (
				695B1EC1266B77B600501BF9 /* Debug */,
				695B1EC2266B77B600501BF9 /* Release */,
			);
			defaultConfigurationIsVisible = 0;
			defaultConfigurationName = Release;
		};
		695B1EC3266B77B600501BF9 /* Build configuration list for PBXNativeTarget "Weather ReportUITests" */ = {
			isa = XCConfigurationList;
			buildConfigurations = (
				695B1EC4266B77B600501BF9 /* Debug */,
				695B1EC5266B77B600501BF9 /* Release */,
			);
			defaultConfigurationIsVisible = 0;
			defaultConfigurationName = Release;
		};
/* End XCConfigurationList section */
	};
	rootObject = 695B1E90266B77B400501BF9 /* Project object */;
}
